
Microsoft Visual Studio Solution File, Format Version 12.00
# Visual Studio Version 17
VisualStudioVersion = 17.2.32519.379
MinimumVisualStudioVersion = 10.0.40219.1
Project("{9A19103F-16F7-4668-BE54-9A1E7A4F7556}") = "BlogLab.Web", "BlogLab.Web\BlogLab.Web.csproj", "{0A1FE6E7-86B9-4F23-B676-4F04EA38FE1A}"
EndProject
Project("{9A19103F-16F7-4668-BE54-9A1E7A4F7556}") = "BlogLab.Models", "BlogLab.Models\BlogLab.Models.csproj", "{6644509B-96F9-4307-B43F-98030B858DD8}"
EndProject
Project("{9A19103F-16F7-4668-BE54-9A1E7A4F7556}") = "BlogLab.Repository", "BlogLab.Repository\BlogLab.Repository.csproj", "{81C2F215-039A-4860-B0C7-C4B900263432}"
EndProject
Project("{FAE04EC0-301F-11D3-BF4B-00C04F79EFBC}") = "BlogLab.Identity", "BlogLab.Identity\BlogLab.Identity.csproj", "{F34EC54F-8784-46C6-BEAA-1307F4196C3D}"
EndProject
Global
	GlobalSection(SolutionConfigurationPlatforms) = preSolution
		Debug|Any CPU = Debug|Any CPU
		Release|Any CPU = Release|Any CPU
	EndGlobalSection
	GlobalSection(ProjectConfigurationPlatforms) = postSolution
		{0A1FE6E7-86B9-4F23-B676-4F04EA38FE1A}.Debug|Any CPU.ActiveCfg = Debug|Any CPU
		{0A1FE6E7-86B9-4F23-B676-4F04EA38FE1A}.Debug|Any CPU.Build.0 = Debug|Any CPU
		{0A1FE6E7-86B9-4F23-B676-4F04EA38FE1A}.Release|Any CPU.ActiveCfg = Release|Any CPU
		{0A1FE6E7-86B9-4F23-B676-4F04EA38FE1A}.Release|Any CPU.Build.0 = Release|Any CPU
		{6644509B-96F9-4307-B43F-98030B858DD8}.Debug|Any CPU.ActiveCfg = Debug|Any CPU
		{6644509B-96F9-4307-B43F-98030B858DD8}.Debug|Any CPU.Build.0 = Debug|Any CPU
		{6644509B-96F9-4307-B43F-98030B858DD8}.Release|Any CPU.ActiveCfg = Release|Any CPU
		{6644509B-96F9-4307-B43F-98030B858DD8}.Release|Any CPU.Build.0 = Release|Any CPU
		{81C2F215-039A-4860-B0C7-C4B900263432}.Debug|Any CPU.ActiveCfg = Debug|Any CPU
		{81C2F215-039A-4860-B0C7-C4B900263432}.Debug|Any CPU.Build.0 = Debug|Any CPU
		{81C2F215-039A-4860-B0C7-C4B900263432}.Release|Any CPU.ActiveCfg = Release|Any CPU
		{81C2F215-039A-4860-B0C7-C4B900263432}.Release|Any CPU.Build.0 = Release|Any CPU
		{F34EC54F-8784-46C6-BEAA-1307F4196C3D}.Debug|Any CPU.ActiveCfg = Debug|Any CPU
		{F34EC54F-8784-46C6-BEAA-1307F4196C3D}.Debug|Any CPU.Build.0 = Debug|Any CPU
		{F34EC54F-8784-46C6-BEAA-1307F4196C3D}.Release|Any CPU.ActiveCfg = Release|Any CPU
		{F34EC54F-8784-46C6-BEAA-1307F4196C3D}.Release|Any CPU.Build.0 = Release|Any CPU
	EndGlobalSection
	GlobalSection(SolutionProperties) = preSolution
		HideSolutionNode = FALSE
	EndGlobalSection
	GlobalSection(ExtensibilityGlobals) = postSolution
		SolutionGuid = {FC293B71-F5A4-47F7-B1D4-8616DC36205F}
	EndGlobalSection
EndGlobal
